// !$*UTF8*$!
{
	archiveVersion = 1;
	classes = {
	};
	objectVersion = 46;
	objects = {

/* Begin PBXBuildFile section */
		D00C196B1BC85CE2009F72F7 /* NetworkManager.swift in Sources */ = {isa = PBXBuildFile; fileRef = D00C196A1BC85CE2009F72F7 /* NetworkManager.swift */; settings = {ASSET_TAGS = (); }; };
		D036DB681BCA962E00FDAFD0 /* BasicInfo.swift in Sources */ = {isa = PBXBuildFile; fileRef = D036DB671BCA962E00FDAFD0 /* BasicInfo.swift */; settings = {ASSET_TAGS = (); }; };
		D036DB6F1BCAC2AC00FDAFD0 /* LegalViewController.swift in Sources */ = {isa = PBXBuildFile; fileRef = D036DB6E1BCAC2AC00FDAFD0 /* LegalViewController.swift */; settings = {ASSET_TAGS = (); }; };
		D04D4A391BC93DFC00DF6539 /* ChampInfoCollectionViewController.swift in Sources */ = {isa = PBXBuildFile; fileRef = D04D4A381BC93DFC00DF6539 /* ChampInfoCollectionViewController.swift */; settings = {ASSET_TAGS = (); }; };
		D04D4A3D1BC9493E00DF6539 /* Spell.swift in Sources */ = {isa = PBXBuildFile; fileRef = D04D4A3C1BC9493E00DF6539 /* Spell.swift */; settings = {ASSET_TAGS = (); }; };
		D04D4A3F1BC9647C00DF6539 /* Skin.swift in Sources */ = {isa = PBXBuildFile; fileRef = D04D4A3E1BC9647C00DF6539 /* Skin.swift */; settings = {ASSET_TAGS = (); }; };
		D066AD521BC9EB2E00D6BDA4 /* Passive.swift in Sources */ = {isa = PBXBuildFile; fileRef = D066AD511BC9EB2E00D6BDA4 /* Passive.swift */; settings = {ASSET_TAGS = (); }; };
		D066AD5A1BC9EC0900D6BDA4 /* Stats.swift in Sources */ = {isa = PBXBuildFile; fileRef = D066AD591BC9EC0900D6BDA4 /* Stats.swift */; settings = {ASSET_TAGS = (); }; };
		D066AD5C1BC9EC6200D6BDA4 /* Leveltip.swift in Sources */ = {isa = PBXBuildFile; fileRef = D066AD5B1BC9EC6200D6BDA4 /* Leveltip.swift */; settings = {ASSET_TAGS = (); }; };
		D066AD5E1BC9ECDC00D6BDA4 /* SpellVars.swift in Sources */ = {isa = PBXBuildFile; fileRef = D066AD5D1BC9ECDC00D6BDA4 /* SpellVars.swift */; settings = {ASSET_TAGS = (); }; };
		D07225241BC5ECB600E99D4E /* AFHTTPRequestOperation.m in Sources */ = {isa = PBXBuildFile; fileRef = D07224FF1BC5ECB600E99D4E /* AFHTTPRequestOperation.m */; settings = {ASSET_TAGS = (); }; };
		D07225251BC5ECB600E99D4E /* AFHTTPRequestOperationManager.m in Sources */ = {isa = PBXBuildFile; fileRef = D07225011BC5ECB600E99D4E /* AFHTTPRequestOperationManager.m */; settings = {ASSET_TAGS = (); }; };
		D07225261BC5ECB600E99D4E /* AFHTTPSessionManager.m in Sources */ = {isa = PBXBuildFile; fileRef = D07225031BC5ECB600E99D4E /* AFHTTPSessionManager.m */; settings = {ASSET_TAGS = (); }; };
		D07225271BC5ECB600E99D4E /* AFNetworkReachabilityManager.m in Sources */ = {isa = PBXBuildFile; fileRef = D07225061BC5ECB600E99D4E /* AFNetworkReachabilityManager.m */; settings = {ASSET_TAGS = (); }; };
		D07225281BC5ECB600E99D4E /* AFSecurityPolicy.m in Sources */ = {isa = PBXBuildFile; fileRef = D07225081BC5ECB600E99D4E /* AFSecurityPolicy.m */; settings = {ASSET_TAGS = (); }; };
		D07225291BC5ECB600E99D4E /* AFURLConnectionOperation.m in Sources */ = {isa = PBXBuildFile; fileRef = D072250A1BC5ECB600E99D4E /* AFURLConnectionOperation.m */; settings = {ASSET_TAGS = (); }; };
		D072252A1BC5ECB600E99D4E /* AFURLRequestSerialization.m in Sources */ = {isa = PBXBuildFile; fileRef = D072250C1BC5ECB600E99D4E /* AFURLRequestSerialization.m */; settings = {ASSET_TAGS = (); }; };
		D072252B1BC5ECB600E99D4E /* AFURLResponseSerialization.m in Sources */ = {isa = PBXBuildFile; fileRef = D072250E1BC5ECB600E99D4E /* AFURLResponseSerialization.m */; settings = {ASSET_TAGS = (); }; };
		D072252C1BC5ECB600E99D4E /* AFURLSessionManager.m in Sources */ = {isa = PBXBuildFile; fileRef = D07225101BC5ECB600E99D4E /* AFURLSessionManager.m */; settings = {ASSET_TAGS = (); }; };
		D072252D1BC5ECB600E99D4E /* AFNetworkActivityIndicatorManager.m in Sources */ = {isa = PBXBuildFile; fileRef = D07225131BC5ECB600E99D4E /* AFNetworkActivityIndicatorManager.m */; settings = {ASSET_TAGS = (); }; };
		D072252E1BC5ECB600E99D4E /* UIActivityIndicatorView+AFNetworking.m in Sources */ = {isa = PBXBuildFile; fileRef = D07225151BC5ECB600E99D4E /* UIActivityIndicatorView+AFNetworking.m */; settings = {ASSET_TAGS = (); }; };
		D072252F1BC5ECB600E99D4E /* UIAlertView+AFNetworking.m in Sources */ = {isa = PBXBuildFile; fileRef = D07225171BC5ECB600E99D4E /* UIAlertView+AFNetworking.m */; settings = {ASSET_TAGS = (); }; };
		D07225301BC5ECB600E99D4E /* UIButton+AFNetworking.m in Sources */ = {isa = PBXBuildFile; fileRef = D07225191BC5ECB600E99D4E /* UIButton+AFNetworking.m */; settings = {ASSET_TAGS = (); }; };
		D07225311BC5ECB600E99D4E /* UIImageView+AFNetworking.m in Sources */ = {isa = PBXBuildFile; fileRef = D072251C1BC5ECB600E99D4E /* UIImageView+AFNetworking.m */; settings = {ASSET_TAGS = (); }; };
		D07225321BC5ECB600E99D4E /* UIProgressView+AFNetworking.m in Sources */ = {isa = PBXBuildFile; fileRef = D072251F1BC5ECB600E99D4E /* UIProgressView+AFNetworking.m */; settings = {ASSET_TAGS = (); }; };
		D07225331BC5ECB600E99D4E /* UIRefreshControl+AFNetworking.m in Sources */ = {isa = PBXBuildFile; fileRef = D07225211BC5ECB600E99D4E /* UIRefreshControl+AFNetworking.m */; settings = {ASSET_TAGS = (); }; };
		D07225341BC5ECB600E99D4E /* UIWebView+AFNetworking.m in Sources */ = {isa = PBXBuildFile; fileRef = D07225231BC5ECB600E99D4E /* UIWebView+AFNetworking.m */; settings = {ASSET_TAGS = (); }; };
		D0C0FFCA1BC2FF0E00195777 /* AppDelegate.swift in Sources */ = {isa = PBXBuildFile; fileRef = D0C0FFC91BC2FF0E00195777 /* AppDelegate.swift */; };
		D0C0FFD11BC2FF0E00195777 /* Assets.xcassets in Resources */ = {isa = PBXBuildFile; fileRef = D0C0FFD01BC2FF0E00195777 /* Assets.xcassets */; };
		D0C0FFD41BC2FF0E00195777 /* LaunchScreen.storyboard in Resources */ = {isa = PBXBuildFile; fileRef = D0C0FFD21BC2FF0E00195777 /* LaunchScreen.storyboard */; };
		D0C0FFDF1BC2FF0E00195777 /* ChampSelectTests.swift in Sources */ = {isa = PBXBuildFile; fileRef = D0C0FFDE1BC2FF0E00195777 /* ChampSelectTests.swift */; };
		D0C0FFEA1BC2FF0E00195777 /* ChampSelectUITests.swift in Sources */ = {isa = PBXBuildFile; fileRef = D0C0FFE91BC2FF0E00195777 /* ChampSelectUITests.swift */; };
		D0E1EA281BD3169F002861BF /* ChampInfoTitleImageCell.swift in Sources */ = {isa = PBXBuildFile; fileRef = D0E1EA271BD3169F002861BF /* ChampInfoTitleImageCell.swift */; settings = {ASSET_TAGS = (); }; };
		D0E1EA331BD5BF13002861BF /* ChampInfoGenericCell.swift in Sources */ = {isa = PBXBuildFile; fileRef = D0E1EA321BD5BF13002861BF /* ChampInfoGenericCell.swift */; settings = {ASSET_TAGS = (); }; };
		D0E1EA3A1BD5C628002861BF /* ChampSectionViewModel.swift in Sources */ = {isa = PBXBuildFile; fileRef = D0E1EA391BD5C628002861BF /* ChampSectionViewModel.swift */; settings = {ASSET_TAGS = (); }; };
		D0E1EA3C1BD5C9BF002861BF /* ChampItemViewModel.swift in Sources */ = {isa = PBXBuildFile; fileRef = D0E1EA3B1BD5C9BF002861BF /* ChampItemViewModel.swift */; settings = {ASSET_TAGS = (); }; };
		D0E1EA3F1BD7008A002861BF /* ChampPageDataSource.swift in Sources */ = {isa = PBXBuildFile; fileRef = D0E1EA3E1BD7008A002861BF /* ChampPageDataSource.swift */; settings = {ASSET_TAGS = (); }; };
		D0F27B001BC300710037783D /* Alamofire.framework in Frameworks */ = {isa = PBXBuildFile; fileRef = D0F27AF71BC2FFE60037783D /* Alamofire.framework */; };
		D0F27B011BC300710037783D /* Alamofire.framework in Embed Frameworks */ = {isa = PBXBuildFile; fileRef = D0F27AF71BC2FFE60037783D /* Alamofire.framework */; settings = {ATTRIBUTES = (CodeSignOnCopy, RemoveHeadersOnCopy, ); }; };
		D0F936CE1BC4071100496F10 /* ChampSelectCollectionViewController.swift in Sources */ = {isa = PBXBuildFile; fileRef = D0F936CD1BC4071100496F10 /* ChampSelectCollectionViewController.swift */; settings = {ASSET_TAGS = (); }; };
		D0F936D51BC40DE100496F10 /* ChampSelectCollectionViewCell.swift in Sources */ = {isa = PBXBuildFile; fileRef = D0F936D41BC40DE100496F10 /* ChampSelectCollectionViewCell.swift */; settings = {ASSET_TAGS = (); }; };
		D0F936D81BC4128F00496F10 /* ChampManager.swift in Sources */ = {isa = PBXBuildFile; fileRef = D0F936D71BC4128F00496F10 /* ChampManager.swift */; settings = {ASSET_TAGS = (); }; };
		D0F936DA1BC4132000496F10 /* Champ.swift in Sources */ = {isa = PBXBuildFile; fileRef = D0F936D91BC4132000496F10 /* Champ.swift */; settings = {ASSET_TAGS = (); }; };
/* End PBXBuildFile section */

/* Begin PBXContainerItemProxy section */
		D0C0FFDB1BC2FF0E00195777 /* PBXContainerItemProxy */ = {
			isa = PBXContainerItemProxy;
			containerPortal = D0C0FFBE1BC2FF0E00195777 /* Project object */;
			proxyType = 1;
			remoteGlobalIDString = D0C0FFC51BC2FF0E00195777;
			remoteInfo = ChampSelect;
		};
		D0C0FFE61BC2FF0E00195777 /* PBXContainerItemProxy */ = {
			isa = PBXContainerItemProxy;
			containerPortal = D0C0FFBE1BC2FF0E00195777 /* Project object */;
			proxyType = 1;
			remoteGlobalIDString = D0C0FFC51BC2FF0E00195777;
			remoteInfo = ChampSelect;
		};
		D0F27AF61BC2FFE60037783D /* PBXContainerItemProxy */ = {
			isa = PBXContainerItemProxy;
			containerPortal = D0F27AEE1BC2FFE60037783D /* Alamofire.xcodeproj */;
			proxyType = 2;
			remoteGlobalIDString = F8111E3319A95C8B0040E7D1;
			remoteInfo = "Alamofire iOS";
		};
		D0F27AF81BC2FFE60037783D /* PBXContainerItemProxy */ = {
			isa = PBXContainerItemProxy;
			containerPortal = D0F27AEE1BC2FFE60037783D /* Alamofire.xcodeproj */;
			proxyType = 2;
			remoteGlobalIDString = 4DD67C0B1A5C55C900ED2280;
			remoteInfo = "Alamofire OSX";
		};
		D0F27AFA1BC2FFE60037783D /* PBXContainerItemProxy */ = {
			isa = PBXContainerItemProxy;
			containerPortal = D0F27AEE1BC2FFE60037783D /* Alamofire.xcodeproj */;
			proxyType = 2;
			remoteGlobalIDString = E4202FE01B667AA100C997FB;
			remoteInfo = "Alamofire watchOS";
		};
		D0F27AFC1BC2FFE60037783D /* PBXContainerItemProxy */ = {
			isa = PBXContainerItemProxy;
			containerPortal = D0F27AEE1BC2FFE60037783D /* Alamofire.xcodeproj */;
			proxyType = 2;
			remoteGlobalIDString = F8111E3E19A95C8B0040E7D1;
			remoteInfo = "Alamofire iOS Tests";
		};
		D0F27AFE1BC2FFE60037783D /* PBXContainerItemProxy */ = {
			isa = PBXContainerItemProxy;
			containerPortal = D0F27AEE1BC2FFE60037783D /* Alamofire.xcodeproj */;
			proxyType = 2;
			remoteGlobalIDString = F829C6B21A7A94F100A2CD59;
			remoteInfo = "Alamofire OSX Tests";
		};
		D0F27B021BC300710037783D /* PBXContainerItemProxy */ = {
			isa = PBXContainerItemProxy;
			containerPortal = D0F27AEE1BC2FFE60037783D /* Alamofire.xcodeproj */;
			proxyType = 1;
			remoteGlobalIDString = F8111E3219A95C8B0040E7D1;
			remoteInfo = "Alamofire iOS";
		};
/* End PBXContainerItemProxy section */

/* Begin PBXCopyFilesBuildPhase section */
		D0F27B041BC300710037783D /* Embed Frameworks */ = {
			isa = PBXCopyFilesBuildPhase;
			buildActionMask = 2147483647;
			dstPath = "";
			dstSubfolderSpec = 10;
			files = (
				D0F27B011BC300710037783D /* Alamofire.framework in Embed Frameworks */,
			);
			name = "Embed Frameworks";
			runOnlyForDeploymentPostprocessing = 0;
		};
/* End PBXCopyFilesBuildPhase section */

/* Begin PBXFileReference section */
		D00C196A1BC85CE2009F72F7 /* NetworkManager.swift */ = {isa = PBXFileReference; fileEncoding = 4; lastKnownFileType = sourcecode.swift; path = NetworkManager.swift; sourceTree = "<group>"; };
		D036DB671BCA962E00FDAFD0 /* BasicInfo.swift */ = {isa = PBXFileReference; fileEncoding = 4; lastKnownFileType = sourcecode.swift; path = BasicInfo.swift; sourceTree = "<group>"; };
		D036DB6E1BCAC2AC00FDAFD0 /* LegalViewController.swift */ = {isa = PBXFileReference; fileEncoding = 4; lastKnownFileType = sourcecode.swift; path = LegalViewController.swift; sourceTree = "<group>"; };
		D037BE791BC5926A0021D107 /* ChampSelect-Bridging-Header.h */ = {isa = PBXFileReference; lastKnownFileType = sourcecode.c.h; path = "ChampSelect-Bridging-Header.h"; sourceTree = "<group>"; };
		D04D4A381BC93DFC00DF6539 /* ChampInfoCollectionViewController.swift */ = {isa = PBXFileReference; fileEncoding = 4; lastKnownFileType = sourcecode.swift; path = ChampInfoCollectionViewController.swift; sourceTree = "<group>"; };
		D04D4A3C1BC9493E00DF6539 /* Spell.swift */ = {isa = PBXFileReference; fileEncoding = 4; lastKnownFileType = sourcecode.swift; path = Spell.swift; sourceTree = "<group>"; };
		D04D4A3E1BC9647C00DF6539 /* Skin.swift */ = {isa = PBXFileReference; fileEncoding = 4; lastKnownFileType = sourcecode.swift; path = Skin.swift; sourceTree = "<group>"; };
		D066AD511BC9EB2E00D6BDA4 /* Passive.swift */ = {isa = PBXFileReference; fileEncoding = 4; lastKnownFileType = sourcecode.swift; path = Passive.swift; sourceTree = "<group>"; };
		D066AD591BC9EC0900D6BDA4 /* Stats.swift */ = {isa = PBXFileReference; fileEncoding = 4; lastKnownFileType = sourcecode.swift; path = Stats.swift; sourceTree = "<group>"; };
		D066AD5B1BC9EC6200D6BDA4 /* Leveltip.swift */ = {isa = PBXFileReference; fileEncoding = 4; lastKnownFileType = sourcecode.swift; path = Leveltip.swift; sourceTree = "<group>"; };
		D066AD5D1BC9ECDC00D6BDA4 /* SpellVars.swift */ = {isa = PBXFileReference; fileEncoding = 4; lastKnownFileType = sourcecode.swift; path = SpellVars.swift; sourceTree = "<group>"; };
		D07224FE1BC5ECB600E99D4E /* AFHTTPRequestOperation.h */ = {isa = PBXFileReference; fileEncoding = 4; lastKnownFileType = sourcecode.c.h; path = AFHTTPRequestOperation.h; sourceTree = "<group>"; };
		D07224FF1BC5ECB600E99D4E /* AFHTTPRequestOperation.m */ = {isa = PBXFileReference; fileEncoding = 4; lastKnownFileType = sourcecode.c.objc; path = AFHTTPRequestOperation.m; sourceTree = "<group>"; };
		D07225001BC5ECB600E99D4E /* AFHTTPRequestOperationManager.h */ = {isa = PBXFileReference; fileEncoding = 4; lastKnownFileType = sourcecode.c.h; path = AFHTTPRequestOperationManager.h; sourceTree = "<group>"; };
		D07225011BC5ECB600E99D4E /* AFHTTPRequestOperationManager.m */ = {isa = PBXFileReference; fileEncoding = 4; lastKnownFileType = sourcecode.c.objc; path = AFHTTPRequestOperationManager.m; sourceTree = "<group>"; };
		D07225021BC5ECB600E99D4E /* AFHTTPSessionManager.h */ = {isa = PBXFileReference; fileEncoding = 4; lastKnownFileType = sourcecode.c.h; path = AFHTTPSessionManager.h; sourceTree = "<group>"; };
		D07225031BC5ECB600E99D4E /* AFHTTPSessionManager.m */ = {isa = PBXFileReference; fileEncoding = 4; lastKnownFileType = sourcecode.c.objc; path = AFHTTPSessionManager.m; sourceTree = "<group>"; };
		D07225041BC5ECB600E99D4E /* AFNetworking.h */ = {isa = PBXFileReference; fileEncoding = 4; lastKnownFileType = sourcecode.c.h; path = AFNetworking.h; sourceTree = "<group>"; };
		D07225051BC5ECB600E99D4E /* AFNetworkReachabilityManager.h */ = {isa = PBXFileReference; fileEncoding = 4; lastKnownFileType = sourcecode.c.h; path = AFNetworkReachabilityManager.h; sourceTree = "<group>"; };
		D07225061BC5ECB600E99D4E /* AFNetworkReachabilityManager.m */ = {isa = PBXFileReference; fileEncoding = 4; lastKnownFileType = sourcecode.c.objc; path = AFNetworkReachabilityManager.m; sourceTree = "<group>"; };
		D07225071BC5ECB600E99D4E /* AFSecurityPolicy.h */ = {isa = PBXFileReference; fileEncoding = 4; lastKnownFileType = sourcecode.c.h; path = AFSecurityPolicy.h; sourceTree = "<group>"; };
		D07225081BC5ECB600E99D4E /* AFSecurityPolicy.m */ = {isa = PBXFileReference; fileEncoding = 4; lastKnownFileType = sourcecode.c.objc; path = AFSecurityPolicy.m; sourceTree = "<group>"; };
		D07225091BC5ECB600E99D4E /* AFURLConnectionOperation.h */ = {isa = PBXFileReference; fileEncoding = 4; lastKnownFileType = sourcecode.c.h; path = AFURLConnectionOperation.h; sourceTree = "<group>"; };
		D072250A1BC5ECB600E99D4E /* AFURLConnectionOperation.m */ = {isa = PBXFileReference; fileEncoding = 4; lastKnownFileType = sourcecode.c.objc; path = AFURLConnectionOperation.m; sourceTree = "<group>"; };
		D072250B1BC5ECB600E99D4E /* AFURLRequestSerialization.h */ = {isa = PBXFileReference; fileEncoding = 4; lastKnownFileType = sourcecode.c.h; path = AFURLRequestSerialization.h; sourceTree = "<group>"; };
		D072250C1BC5ECB600E99D4E /* AFURLRequestSerialization.m */ = {isa = PBXFileReference; fileEncoding = 4; lastKnownFileType = sourcecode.c.objc; path = AFURLRequestSerialization.m; sourceTree = "<group>"; };
		D072250D1BC5ECB600E99D4E /* AFURLResponseSerialization.h */ = {isa = PBXFileReference; fileEncoding = 4; lastKnownFileType = sourcecode.c.h; path = AFURLResponseSerialization.h; sourceTree = "<group>"; };
		D072250E1BC5ECB600E99D4E /* AFURLResponseSerialization.m */ = {isa = PBXFileReference; fileEncoding = 4; lastKnownFileType = sourcecode.c.objc; path = AFURLResponseSerialization.m; sourceTree = "<group>"; };
		D072250F1BC5ECB600E99D4E /* AFURLSessionManager.h */ = {isa = PBXFileReference; fileEncoding = 4; lastKnownFileType = sourcecode.c.h; path = AFURLSessionManager.h; sourceTree = "<group>"; };
		D07225101BC5ECB600E99D4E /* AFURLSessionManager.m */ = {isa = PBXFileReference; fileEncoding = 4; lastKnownFileType = sourcecode.c.objc; path = AFURLSessionManager.m; sourceTree = "<group>"; };
		D07225121BC5ECB600E99D4E /* AFNetworkActivityIndicatorManager.h */ = {isa = PBXFileReference; fileEncoding = 4; lastKnownFileType = sourcecode.c.h; path = AFNetworkActivityIndicatorManager.h; sourceTree = "<group>"; };
		D07225131BC5ECB600E99D4E /* AFNetworkActivityIndicatorManager.m */ = {isa = PBXFileReference; fileEncoding = 4; lastKnownFileType = sourcecode.c.objc; path = AFNetworkActivityIndicatorManager.m; sourceTree = "<group>"; };
		D07225141BC5ECB600E99D4E /* UIActivityIndicatorView+AFNetworking.h */ = {isa = PBXFileReference; fileEncoding = 4; lastKnownFileType = sourcecode.c.h; path = "UIActivityIndicatorView+AFNetworking.h"; sourceTree = "<group>"; };
		D07225151BC5ECB600E99D4E /* UIActivityIndicatorView+AFNetworking.m */ = {isa = PBXFileReference; fileEncoding = 4; lastKnownFileType = sourcecode.c.objc; path = "UIActivityIndicatorView+AFNetworking.m"; sourceTree = "<group>"; };
		D07225161BC5ECB600E99D4E /* UIAlertView+AFNetworking.h */ = {isa = PBXFileReference; fileEncoding = 4; lastKnownFileType = sourcecode.c.h; path = "UIAlertView+AFNetworking.h"; sourceTree = "<group>"; };
		D07225171BC5ECB600E99D4E /* UIAlertView+AFNetworking.m */ = {isa = PBXFileReference; fileEncoding = 4; lastKnownFileType = sourcecode.c.objc; path = "UIAlertView+AFNetworking.m"; sourceTree = "<group>"; };
		D07225181BC5ECB600E99D4E /* UIButton+AFNetworking.h */ = {isa = PBXFileReference; fileEncoding = 4; lastKnownFileType = sourcecode.c.h; path = "UIButton+AFNetworking.h"; sourceTree = "<group>"; };
		D07225191BC5ECB600E99D4E /* UIButton+AFNetworking.m */ = {isa = PBXFileReference; fileEncoding = 4; lastKnownFileType = sourcecode.c.objc; path = "UIButton+AFNetworking.m"; sourceTree = "<group>"; };
		D072251A1BC5ECB600E99D4E /* UIImage+AFNetworking.h */ = {isa = PBXFileReference; fileEncoding = 4; lastKnownFileType = sourcecode.c.h; path = "UIImage+AFNetworking.h"; sourceTree = "<group>"; };
		D072251B1BC5ECB600E99D4E /* UIImageView+AFNetworking.h */ = {isa = PBXFileReference; fileEncoding = 4; lastKnownFileType = sourcecode.c.h; path = "UIImageView+AFNetworking.h"; sourceTree = "<group>"; };
		D072251C1BC5ECB600E99D4E /* UIImageView+AFNetworking.m */ = {isa = PBXFileReference; fileEncoding = 4; lastKnownFileType = sourcecode.c.objc; path = "UIImageView+AFNetworking.m"; sourceTree = "<group>"; };
		D072251D1BC5ECB600E99D4E /* UIKit+AFNetworking.h */ = {isa = PBXFileReference; fileEncoding = 4; lastKnownFileType = sourcecode.c.h; path = "UIKit+AFNetworking.h"; sourceTree = "<group>"; };
		D072251E1BC5ECB600E99D4E /* UIProgressView+AFNetworking.h */ = {isa = PBXFileReference; fileEncoding = 4; lastKnownFileType = sourcecode.c.h; path = "UIProgressView+AFNetworking.h"; sourceTree = "<group>"; };
		D072251F1BC5ECB600E99D4E /* UIProgressView+AFNetworking.m */ = {isa = PBXFileReference; fileEncoding = 4; lastKnownFileType = sourcecode.c.objc; path = "UIProgressView+AFNetworking.m"; sourceTree = "<group>"; };
		D07225201BC5ECB600E99D4E /* UIRefreshControl+AFNetworking.h */ = {isa = PBXFileReference; fileEncoding = 4; lastKnownFileType = sourcecode.c.h; path = "UIRefreshControl+AFNetworking.h"; sourceTree = "<group>"; };
		D07225211BC5ECB600E99D4E /* UIRefreshControl+AFNetworking.m */ = {isa = PBXFileReference; fileEncoding = 4; lastKnownFileType = sourcecode.c.objc; path = "UIRefreshControl+AFNetworking.m"; sourceTree = "<group>"; };
		D07225221BC5ECB600E99D4E /* UIWebView+AFNetworking.h */ = {isa = PBXFileReference; fileEncoding = 4; lastKnownFileType = sourcecode.c.h; path = "UIWebView+AFNetworking.h"; sourceTree = "<group>"; };
		D07225231BC5ECB600E99D4E /* UIWebView+AFNetworking.m */ = {isa = PBXFileReference; fileEncoding = 4; lastKnownFileType = sourcecode.c.objc; path = "UIWebView+AFNetworking.m"; sourceTree = "<group>"; };
		D0C0FFC61BC2FF0E00195777 /* ChampSelect.app */ = {isa = PBXFileReference; explicitFileType = wrapper.application; includeInIndex = 0; path = ChampSelect.app; sourceTree = BUILT_PRODUCTS_DIR; };
		D0C0FFC91BC2FF0E00195777 /* AppDelegate.swift */ = {isa = PBXFileReference; lastKnownFileType = sourcecode.swift; path = AppDelegate.swift; sourceTree = "<group>"; };
		D0C0FFD01BC2FF0E00195777 /* Assets.xcassets */ = {isa = PBXFileReference; lastKnownFileType = folder.assetcatalog; path = Assets.xcassets; sourceTree = "<group>"; };
		D0C0FFD31BC2FF0E00195777 /* Base */ = {isa = PBXFileReference; lastKnownFileType = file.storyboard; name = Base; path = Base.lproj/LaunchScreen.storyboard; sourceTree = "<group>"; };
		D0C0FFD51BC2FF0E00195777 /* Info.plist */ = {isa = PBXFileReference; lastKnownFileType = text.plist.xml; path = Info.plist; sourceTree = "<group>"; };
		D0C0FFDA1BC2FF0E00195777 /* ChampSelectTests.xctest */ = {isa = PBXFileReference; explicitFileType = wrapper.cfbundle; includeInIndex = 0; path = ChampSelectTests.xctest; sourceTree = BUILT_PRODUCTS_DIR; };
		D0C0FFDE1BC2FF0E00195777 /* ChampSelectTests.swift */ = {isa = PBXFileReference; lastKnownFileType = sourcecode.swift; path = ChampSelectTests.swift; sourceTree = "<group>"; };
		D0C0FFE01BC2FF0E00195777 /* Info.plist */ = {isa = PBXFileReference; lastKnownFileType = text.plist.xml; path = Info.plist; sourceTree = "<group>"; };
		D0C0FFE51BC2FF0E00195777 /* ChampSelectUITests.xctest */ = {isa = PBXFileReference; explicitFileType = wrapper.cfbundle; includeInIndex = 0; path = ChampSelectUITests.xctest; sourceTree = BUILT_PRODUCTS_DIR; };
		D0C0FFE91BC2FF0E00195777 /* ChampSelectUITests.swift */ = {isa = PBXFileReference; lastKnownFileType = sourcecode.swift; path = ChampSelectUITests.swift; sourceTree = "<group>"; };
		D0C0FFEB1BC2FF0E00195777 /* Info.plist */ = {isa = PBXFileReference; lastKnownFileType = text.plist.xml; path = Info.plist; sourceTree = "<group>"; };
		D0E1EA271BD3169F002861BF /* ChampInfoTitleImageCell.swift */ = {isa = PBXFileReference; fileEncoding = 4; lastKnownFileType = sourcecode.swift; path = ChampInfoTitleImageCell.swift; sourceTree = "<group>"; };
		D0E1EA321BD5BF13002861BF /* ChampInfoGenericCell.swift */ = {isa = PBXFileReference; fileEncoding = 4; lastKnownFileType = sourcecode.swift; path = ChampInfoGenericCell.swift; sourceTree = "<group>"; };
		D0E1EA391BD5C628002861BF /* ChampSectionViewModel.swift */ = {isa = PBXFileReference; fileEncoding = 4; lastKnownFileType = sourcecode.swift; path = ChampSectionViewModel.swift; sourceTree = "<group>"; };
		D0E1EA3B1BD5C9BF002861BF /* ChampItemViewModel.swift */ = {isa = PBXFileReference; fileEncoding = 4; lastKnownFileType = sourcecode.swift; path = ChampItemViewModel.swift; sourceTree = "<group>"; };
		D0E1EA3E1BD7008A002861BF /* ChampPageDataSource.swift */ = {isa = PBXFileReference; fileEncoding = 4; lastKnownFileType = sourcecode.swift; path = ChampPageDataSource.swift; sourceTree = "<group>"; };
		D0F27AEE1BC2FFE60037783D /* Alamofire.xcodeproj */ = {isa = PBXFileReference; lastKnownFileType = "wrapper.pb-project"; name = Alamofire.xcodeproj; path = Alamofire/Alamofire.xcodeproj; sourceTree = "<group>"; };
		D0F936CD1BC4071100496F10 /* ChampSelectCollectionViewController.swift */ = {isa = PBXFileReference; fileEncoding = 4; lastKnownFileType = sourcecode.swift; path = ChampSelectCollectionViewController.swift; sourceTree = "<group>"; };
		D0F936D41BC40DE100496F10 /* ChampSelectCollectionViewCell.swift */ = {isa = PBXFileReference; fileEncoding = 4; lastKnownFileType = sourcecode.swift; path = ChampSelectCollectionViewCell.swift; sourceTree = "<group>"; };
		D0F936D71BC4128F00496F10 /* ChampManager.swift */ = {isa = PBXFileReference; fileEncoding = 4; lastKnownFileType = sourcecode.swift; path = ChampManager.swift; sourceTree = "<group>"; };
		D0F936D91BC4132000496F10 /* Champ.swift */ = {isa = PBXFileReference; fileEncoding = 4; lastKnownFileType = sourcecode.swift; path = Champ.swift; sourceTree = "<group>"; };
/* End PBXFileReference section */

/* Begin PBXFrameworksBuildPhase section */
		D0C0FFC31BC2FF0E00195777 /* Frameworks */ = {
			isa = PBXFrameworksBuildPhase;
			buildActionMask = 2147483647;
			files = (
				D0F27B001BC300710037783D /* Alamofire.framework in Frameworks */,
			);
			runOnlyForDeploymentPostprocessing = 0;
		};
		D0C0FFD71BC2FF0E00195777 /* Frameworks */ = {
			isa = PBXFrameworksBuildPhase;
			buildActionMask = 2147483647;
			files = (
			);
			runOnlyForDeploymentPostprocessing = 0;
		};
		D0C0FFE21BC2FF0E00195777 /* Frameworks */ = {
			isa = PBXFrameworksBuildPhase;
			buildActionMask = 2147483647;
			files = (
			);
			runOnlyForDeploymentPostprocessing = 0;
		};
/* End PBXFrameworksBuildPhase section */

/* Begin PBXGroup section */
		D00C19651BC85CC0009F72F7 /* Networking */ = {
			isa = PBXGroup;
			children = (
				D00C196A1BC85CE2009F72F7 /* NetworkManager.swift */,
			);
			name = Networking;
			sourceTree = "<group>";
		};
		D036DB6D1BCAC29800FDAFD0 /* Legal */ = {
			isa = PBXGroup;
			children = (
				D036DB6E1BCAC2AC00FDAFD0 /* LegalViewController.swift */,
			);
			name = Legal;
			sourceTree = "<group>";
		};
		D037BE741BC5922D0021D107 /* Supporting Files */ = {
			isa = PBXGroup;
			children = (
				D037BE791BC5926A0021D107 /* ChampSelect-Bridging-Header.h */,
				D0C0FFD51BC2FF0E00195777 /* Info.plist */,
			);
			name = "Supporting Files";
			sourceTree = "<group>";
		};
		D04D4A361BC93D8200DF6539 /* Resources */ = {
			isa = PBXGroup;
			children = (
				D0C0FFD01BC2FF0E00195777 /* Assets.xcassets */,
				D0C0FFD21BC2FF0E00195777 /* LaunchScreen.storyboard */,
			);
			name = Resources;
			path = ChampSelect;
			sourceTree = "<group>";
		};
		D04D4A371BC93DD600DF6539 /* ChampPage */ = {
			isa = PBXGroup;
			children = (
				D0E1EA221BD31677002861BF /* ChampInfoCollectionView */,
				D0E1EA3E1BD7008A002861BF /* ChampPageDataSource.swift */,
				D0E1EA391BD5C628002861BF /* ChampSectionViewModel.swift */,
				D0E1EA3B1BD5C9BF002861BF /* ChampItemViewModel.swift */,
			);
			name = ChampPage;
			sourceTree = "<group>";
		};
		D07224FD1BC5ECB600E99D4E /* AFNetworking */ = {
			isa = PBXGroup;
			children = (
				D07224FE1BC5ECB600E99D4E /* AFHTTPRequestOperation.h */,
				D07224FF1BC5ECB600E99D4E /* AFHTTPRequestOperation.m */,
				D07225001BC5ECB600E99D4E /* AFHTTPRequestOperationManager.h */,
				D07225011BC5ECB600E99D4E /* AFHTTPRequestOperationManager.m */,
				D07225021BC5ECB600E99D4E /* AFHTTPSessionManager.h */,
				D07225031BC5ECB600E99D4E /* AFHTTPSessionManager.m */,
				D07225041BC5ECB600E99D4E /* AFNetworking.h */,
				D07225051BC5ECB600E99D4E /* AFNetworkReachabilityManager.h */,
				D07225061BC5ECB600E99D4E /* AFNetworkReachabilityManager.m */,
				D07225071BC5ECB600E99D4E /* AFSecurityPolicy.h */,
				D07225081BC5ECB600E99D4E /* AFSecurityPolicy.m */,
				D07225091BC5ECB600E99D4E /* AFURLConnectionOperation.h */,
				D072250A1BC5ECB600E99D4E /* AFURLConnectionOperation.m */,
				D072250B1BC5ECB600E99D4E /* AFURLRequestSerialization.h */,
				D072250C1BC5ECB600E99D4E /* AFURLRequestSerialization.m */,
				D072250D1BC5ECB600E99D4E /* AFURLResponseSerialization.h */,
				D072250E1BC5ECB600E99D4E /* AFURLResponseSerialization.m */,
				D072250F1BC5ECB600E99D4E /* AFURLSessionManager.h */,
				D07225101BC5ECB600E99D4E /* AFURLSessionManager.m */,
			);
			name = AFNetworking;
			path = AFNetworking/AFNetworking;
			sourceTree = SOURCE_ROOT;
		};
		D07225111BC5ECB600E99D4E /* UIKit+AFNetworking */ = {
			isa = PBXGroup;
			children = (
				D07225121BC5ECB600E99D4E /* AFNetworkActivityIndicatorManager.h */,
				D07225131BC5ECB600E99D4E /* AFNetworkActivityIndicatorManager.m */,
				D07225141BC5ECB600E99D4E /* UIActivityIndicatorView+AFNetworking.h */,
				D07225151BC5ECB600E99D4E /* UIActivityIndicatorView+AFNetworking.m */,
				D07225161BC5ECB600E99D4E /* UIAlertView+AFNetworking.h */,
				D07225171BC5ECB600E99D4E /* UIAlertView+AFNetworking.m */,
				D07225181BC5ECB600E99D4E /* UIButton+AFNetworking.h */,
				D07225191BC5ECB600E99D4E /* UIButton+AFNetworking.m */,
				D072251A1BC5ECB600E99D4E /* UIImage+AFNetworking.h */,
				D072251B1BC5ECB600E99D4E /* UIImageView+AFNetworking.h */,
				D072251C1BC5ECB600E99D4E /* UIImageView+AFNetworking.m */,
				D072251D1BC5ECB600E99D4E /* UIKit+AFNetworking.h */,
				D072251E1BC5ECB600E99D4E /* UIProgressView+AFNetworking.h */,
				D072251F1BC5ECB600E99D4E /* UIProgressView+AFNetworking.m */,
				D07225201BC5ECB600E99D4E /* UIRefreshControl+AFNetworking.h */,
				D07225211BC5ECB600E99D4E /* UIRefreshControl+AFNetworking.m */,
				D07225221BC5ECB600E99D4E /* UIWebView+AFNetworking.h */,
				D07225231BC5ECB600E99D4E /* UIWebView+AFNetworking.m */,
			);
			name = "UIKit+AFNetworking";
			path = "AFNetworking/UIKit+AFNetworking";
			sourceTree = SOURCE_ROOT;
		};
		D0C0FFBD1BC2FF0E00195777 = {
			isa = PBXGroup;
			children = (
				D0F27AEE1BC2FFE60037783D /* Alamofire.xcodeproj */,
				D0C0FFC81BC2FF0E00195777 /* ChampSelect */,
				D04D4A361BC93D8200DF6539 /* Resources */,
				D0C0FFDD1BC2FF0E00195777 /* ChampSelectTests */,
				D0C0FFE81BC2FF0E00195777 /* ChampSelectUITests */,
				D07224FD1BC5ECB600E99D4E /* AFNetworking */,
				D07225111BC5ECB600E99D4E /* UIKit+AFNetworking */,
				D0C0FFC71BC2FF0E00195777 /* Products */,
			);
			sourceTree = "<group>";
		};
		D0C0FFC71BC2FF0E00195777 /* Products */ = {
			isa = PBXGroup;
			children = (
				D0C0FFC61BC2FF0E00195777 /* ChampSelect.app */,
				D0C0FFDA1BC2FF0E00195777 /* ChampSelectTests.xctest */,
				D0C0FFE51BC2FF0E00195777 /* ChampSelectUITests.xctest */,
			);
			name = Products;
			sourceTree = "<group>";
		};
		D0C0FFC81BC2FF0E00195777 /* ChampSelect */ = {
			isa = PBXGroup;
			children = (
				D0C0FFC91BC2FF0E00195777 /* AppDelegate.swift */,
				D037BE741BC5922D0021D107 /* Supporting Files */,
				D00C19651BC85CC0009F72F7 /* Networking */,
				D0F936D61BC4126A00496F10 /* Model */,
				D0E1EA2C1BD322E1002861BF /* UI */,
				D036DB6D1BCAC29800FDAFD0 /* Legal */,
			);
			path = ChampSelect;
			sourceTree = "<group>";
		};
		D0C0FFDD1BC2FF0E00195777 /* ChampSelectTests */ = {
			isa = PBXGroup;
			children = (
				D0C0FFDE1BC2FF0E00195777 /* ChampSelectTests.swift */,
				D0C0FFE01BC2FF0E00195777 /* Info.plist */,
			);
			path = ChampSelectTests;
			sourceTree = "<group>";
		};
		D0C0FFE81BC2FF0E00195777 /* ChampSelectUITests */ = {
			isa = PBXGroup;
			children = (
				D0C0FFE91BC2FF0E00195777 /* ChampSelectUITests.swift */,
				D0C0FFEB1BC2FF0E00195777 /* Info.plist */,
			);
			path = ChampSelectUITests;
			sourceTree = "<group>";
		};
		D0E1EA221BD31677002861BF /* ChampInfoCollectionView */ = {
			isa = PBXGroup;
			children = (
				D04D4A381BC93DFC00DF6539 /* ChampInfoCollectionViewController.swift */,
				D0E1EA271BD3169F002861BF /* ChampInfoTitleImageCell.swift */,
				D0E1EA321BD5BF13002861BF /* ChampInfoGenericCell.swift */,
			);
			name = ChampInfoCollectionView;
			sourceTree = "<group>";
		};
		D0E1EA2C1BD322E1002861BF /* UI */ = {
			isa = PBXGroup;
			children = (
				D0F936D31BC40D3C00496F10 /* ChampSelectCollection */,
				D04D4A371BC93DD600DF6539 /* ChampPage */,
			);
			name = UI;
			sourceTree = "<group>";
		};
		D0F27AEF1BC2FFE60037783D /* Products */ = {
			isa = PBXGroup;
			children = (
				D0F27AF71BC2FFE60037783D /* Alamofire.framework */,
				D0F27AF91BC2FFE60037783D /* Alamofire.framework */,
				D0F27AFB1BC2FFE60037783D /* Alamofire.framework */,
				D0F27AFD1BC2FFE60037783D /* Alamofire iOS Tests.xctest */,
				D0F27AFF1BC2FFE60037783D /* Alamofire OSX Tests.xctest */,
			);
			name = Products;
			sourceTree = "<group>";
		};
		D0F936D31BC40D3C00496F10 /* ChampSelectCollection */ = {
			isa = PBXGroup;
			children = (
				D0F936CD1BC4071100496F10 /* ChampSelectCollectionViewController.swift */,
				D0F936D41BC40DE100496F10 /* ChampSelectCollectionViewCell.swift */,
			);
			name = ChampSelectCollection;
			sourceTree = "<group>";
		};
		D0F936D61BC4126A00496F10 /* Model */ = {
			isa = PBXGroup;
			children = (
				D0F936D71BC4128F00496F10 /* ChampManager.swift */,
				D0F936D91BC4132000496F10 /* Champ.swift */,
				D04D4A3C1BC9493E00DF6539 /* Spell.swift */,
				D04D4A3E1BC9647C00DF6539 /* Skin.swift */,
				D066AD511BC9EB2E00D6BDA4 /* Passive.swift */,
				D066AD591BC9EC0900D6BDA4 /* Stats.swift */,
				D066AD5B1BC9EC6200D6BDA4 /* Leveltip.swift */,
				D066AD5D1BC9ECDC00D6BDA4 /* SpellVars.swift */,
				D036DB671BCA962E00FDAFD0 /* BasicInfo.swift */,
			);
			name = Model;
			sourceTree = "<group>";
		};
/* End PBXGroup section */

/* Begin PBXNativeTarget section */
		D0C0FFC51BC2FF0E00195777 /* ChampSelect */ = {
			isa = PBXNativeTarget;
			buildConfigurationList = D0C0FFEE1BC2FF0E00195777 /* Build configuration list for PBXNativeTarget "ChampSelect" */;
			buildPhases = (
				D0C0FFC21BC2FF0E00195777 /* Sources */,
				D0C0FFC31BC2FF0E00195777 /* Frameworks */,
				D0C0FFC41BC2FF0E00195777 /* Resources */,
				D0F27B041BC300710037783D /* Embed Frameworks */,
			);
			buildRules = (
			);
			dependencies = (
				D0F27B031BC300710037783D /* PBXTargetDependency */,
			);
			name = ChampSelect;
			productName = ChampSelect;
			productReference = D0C0FFC61BC2FF0E00195777 /* ChampSelect.app */;
			productType = "com.apple.product-type.application";
		};
		D0C0FFD91BC2FF0E00195777 /* ChampSelectTests */ = {
			isa = PBXNativeTarget;
			buildConfigurationList = D0C0FFF11BC2FF0E00195777 /* Build configuration list for PBXNativeTarget "ChampSelectTests" */;
			buildPhases = (
				D0C0FFD61BC2FF0E00195777 /* Sources */,
				D0C0FFD71BC2FF0E00195777 /* Frameworks */,
				D0C0FFD81BC2FF0E00195777 /* Resources */,
			);
			buildRules = (
			);
			dependencies = (
				D0C0FFDC1BC2FF0E00195777 /* PBXTargetDependency */,
			);
			name = ChampSelectTests;
			productName = ChampSelectTests;
			productReference = D0C0FFDA1BC2FF0E00195777 /* ChampSelectTests.xctest */;
			productType = "com.apple.product-type.bundle.unit-test";
		};
		D0C0FFE41BC2FF0E00195777 /* ChampSelectUITests */ = {
			isa = PBXNativeTarget;
			buildConfigurationList = D0C0FFF41BC2FF0E00195777 /* Build configuration list for PBXNativeTarget "ChampSelectUITests" */;
			buildPhases = (
				D0C0FFE11BC2FF0E00195777 /* Sources */,
				D0C0FFE21BC2FF0E00195777 /* Frameworks */,
				D0C0FFE31BC2FF0E00195777 /* Resources */,
			);
			buildRules = (
			);
			dependencies = (
				D0C0FFE71BC2FF0E00195777 /* PBXTargetDependency */,
			);
			name = ChampSelectUITests;
			productName = ChampSelectUITests;
			productReference = D0C0FFE51BC2FF0E00195777 /* ChampSelectUITests.xctest */;
			productType = "com.apple.product-type.bundle.ui-testing";
		};
/* End PBXNativeTarget section */

/* Begin PBXProject section */
		D0C0FFBE1BC2FF0E00195777 /* Project object */ = {
			isa = PBXProject;
			attributes = {
				LastUpgradeCheck = 0700;
				ORGANIZATIONNAME = "Peter Buerer";
				TargetAttributes = {
					D0C0FFC51BC2FF0E00195777 = {
						CreatedOnToolsVersion = 7.0.1;
					};
					D0C0FFD91BC2FF0E00195777 = {
						CreatedOnToolsVersion = 7.0.1;
						TestTargetID = D0C0FFC51BC2FF0E00195777;
					};
					D0C0FFE41BC2FF0E00195777 = {
						CreatedOnToolsVersion = 7.0.1;
						TestTargetID = D0C0FFC51BC2FF0E00195777;
					};
				};
			};
			buildConfigurationList = D0C0FFC11BC2FF0E00195777 /* Build configuration list for PBXProject "ChampSelect" */;
			compatibilityVersion = "Xcode 3.2";
			developmentRegion = English;
			hasScannedForEncodings = 0;
			knownRegions = (
				en,
				Base,
			);
			mainGroup = D0C0FFBD1BC2FF0E00195777;
			productRefGroup = D0C0FFC71BC2FF0E00195777 /* Products */;
			projectDirPath = "";
			projectReferences = (
				{
					ProductGroup = D0F27AEF1BC2FFE60037783D /* Products */;
					ProjectRef = D0F27AEE1BC2FFE60037783D /* Alamofire.xcodeproj */;
				},
			);
			projectRoot = "";
			targets = (
				D0C0FFC51BC2FF0E00195777 /* ChampSelect */,
				D0C0FFD91BC2FF0E00195777 /* ChampSelectTests */,
				D0C0FFE41BC2FF0E00195777 /* ChampSelectUITests */,
			);
		};
/* End PBXProject section */

/* Begin PBXReferenceProxy section */
		D0F27AF71BC2FFE60037783D /* Alamofire.framework */ = {
			isa = PBXReferenceProxy;
			fileType = wrapper.framework;
			path = Alamofire.framework;
			remoteRef = D0F27AF61BC2FFE60037783D /* PBXContainerItemProxy */;
			sourceTree = BUILT_PRODUCTS_DIR;
		};
		D0F27AF91BC2FFE60037783D /* Alamofire.framework */ = {
			isa = PBXReferenceProxy;
			fileType = wrapper.framework;
			path = Alamofire.framework;
			remoteRef = D0F27AF81BC2FFE60037783D /* PBXContainerItemProxy */;
			sourceTree = BUILT_PRODUCTS_DIR;
		};
		D0F27AFB1BC2FFE60037783D /* Alamofire.framework */ = {
			isa = PBXReferenceProxy;
			fileType = wrapper.framework;
			path = Alamofire.framework;
			remoteRef = D0F27AFA1BC2FFE60037783D /* PBXContainerItemProxy */;
			sourceTree = BUILT_PRODUCTS_DIR;
		};
		D0F27AFD1BC2FFE60037783D /* Alamofire iOS Tests.xctest */ = {
			isa = PBXReferenceProxy;
			fileType = wrapper.cfbundle;
			path = "Alamofire iOS Tests.xctest";
			remoteRef = D0F27AFC1BC2FFE60037783D /* PBXContainerItemProxy */;
			sourceTree = BUILT_PRODUCTS_DIR;
		};
		D0F27AFF1BC2FFE60037783D /* Alamofire OSX Tests.xctest */ = {
			isa = PBXReferenceProxy;
			fileType = wrapper.cfbundle;
			path = "Alamofire OSX Tests.xctest";
			remoteRef = D0F27AFE1BC2FFE60037783D /* PBXContainerItemProxy */;
			sourceTree = BUILT_PRODUCTS_DIR;
		};
/* End PBXReferenceProxy section */

/* Begin PBXResourcesBuildPhase section */
		D0C0FFC41BC2FF0E00195777 /* Resources */ = {
			isa = PBXResourcesBuildPhase;
			buildActionMask = 2147483647;
			files = (
				D0C0FFD41BC2FF0E00195777 /* LaunchScreen.storyboard in Resources */,
				D0C0FFD11BC2FF0E00195777 /* Assets.xcassets in Resources */,
			);
			runOnlyForDeploymentPostprocessing = 0;
		};
		D0C0FFD81BC2FF0E00195777 /* Resources */ = {
			isa = PBXResourcesBuildPhase;
			buildActionMask = 2147483647;
			files = (
			);
			runOnlyForDeploymentPostprocessing = 0;
		};
		D0C0FFE31BC2FF0E00195777 /* Resources */ = {
			isa = PBXResourcesBuildPhase;
			buildActionMask = 2147483647;
			files = (
			);
			runOnlyForDeploymentPostprocessing = 0;
		};
/* End PBXResourcesBuildPhase section */

/* Begin PBXSourcesBuildPhase section */
		D0C0FFC21BC2FF0E00195777 /* Sources */ = {
			isa = PBXSourcesBuildPhase;
			buildActionMask = 2147483647;
			files = (
				D00C196B1BC85CE2009F72F7 /* NetworkManager.swift in Sources */,
				D07225291BC5ECB600E99D4E /* AFURLConnectionOperation.m in Sources */,
				D07225241BC5ECB600E99D4E /* AFHTTPRequestOperation.m in Sources */,
				D0E1EA3C1BD5C9BF002861BF /* ChampItemViewModel.swift in Sources */,
				D07225301BC5ECB600E99D4E /* UIButton+AFNetworking.m in Sources */,
				D07225271BC5ECB600E99D4E /* AFNetworkReachabilityManager.m in Sources */,
				D04D4A391BC93DFC00DF6539 /* ChampInfoCollectionViewController.swift in Sources */,
				D07225321BC5ECB600E99D4E /* UIProgressView+AFNetworking.m in Sources */,
				D036DB6F1BCAC2AC00FDAFD0 /* LegalViewController.swift in Sources */,
				D072252C1BC5ECB600E99D4E /* AFURLSessionManager.m in Sources */,
				D072252A1BC5ECB600E99D4E /* AFURLRequestSerialization.m in Sources */,
				D0C0FFCA1BC2FF0E00195777 /* AppDelegate.swift in Sources */,
				D0E1EA331BD5BF13002861BF /* ChampInfoGenericCell.swift in Sources */,
				D066AD5A1BC9EC0900D6BDA4 /* Stats.swift in Sources */,
				D07225331BC5ECB600E99D4E /* UIRefreshControl+AFNetworking.m in Sources */,
				D072252B1BC5ECB600E99D4E /* AFURLResponseSerialization.m in Sources */,
				D0F936D51BC40DE100496F10 /* ChampSelectCollectionViewCell.swift in Sources */,
				D07225311BC5ECB600E99D4E /* UIImageView+AFNetworking.m in Sources */,
				D0E1EA281BD3169F002861BF /* ChampInfoTitleImageCell.swift in Sources */,
				D04D4A3F1BC9647C00DF6539 /* Skin.swift in Sources */,
				D0F936DA1BC4132000496F10 /* Champ.swift in Sources */,
				D072252F1BC5ECB600E99D4E /* UIAlertView+AFNetworking.m in Sources */,
				D07225251BC5ECB600E99D4E /* AFHTTPRequestOperationManager.m in Sources */,
				D07225281BC5ECB600E99D4E /* AFSecurityPolicy.m in Sources */,
				D066AD521BC9EB2E00D6BDA4 /* Passive.swift in Sources */,
				D066AD5E1BC9ECDC00D6BDA4 /* SpellVars.swift in Sources */,
				D07225341BC5ECB600E99D4E /* UIWebView+AFNetworking.m in Sources */,
				D066AD5C1BC9EC6200D6BDA4 /* Leveltip.swift in Sources */,
				D036DB681BCA962E00FDAFD0 /* BasicInfo.swift in Sources */,
				D0E1EA3A1BD5C628002861BF /* ChampSectionViewModel.swift in Sources */,
				D0F936D81BC4128F00496F10 /* ChampManager.swift in Sources */,
				D0F936CE1BC4071100496F10 /* ChampSelectCollectionViewController.swift in Sources */,
				D07225261BC5ECB600E99D4E /* AFHTTPSessionManager.m in Sources */,
				D072252E1BC5ECB600E99D4E /* UIActivityIndicatorView+AFNetworking.m in Sources */,
				D04D4A3D1BC9493E00DF6539 /* Spell.swift in Sources */,
				D0E1EA3F1BD7008A002861BF /* ChampPageDataSource.swift in Sources */,
				D072252D1BC5ECB600E99D4E /* AFNetworkActivityIndicatorManager.m in Sources */,
			);
			runOnlyForDeploymentPostprocessing = 0;
		};
		D0C0FFD61BC2FF0E00195777 /* Sources */ = {
			isa = PBXSourcesBuildPhase;
			buildActionMask = 2147483647;
			files = (
				D0C0FFDF1BC2FF0E00195777 /* ChampSelectTests.swift in Sources */,
			);
			runOnlyForDeploymentPostprocessing = 0;
		};
		D0C0FFE11BC2FF0E00195777 /* Sources */ = {
			isa = PBXSourcesBuildPhase;
			buildActionMask = 2147483647;
			files = (
				D0C0FFEA1BC2FF0E00195777 /* ChampSelectUITests.swift in Sources */,
			);
			runOnlyForDeploymentPostprocessing = 0;
		};
/* End PBXSourcesBuildPhase section */

/* Begin PBXTargetDependency section */
		D0C0FFDC1BC2FF0E00195777 /* PBXTargetDependency */ = {
			isa = PBXTargetDependency;
			target = D0C0FFC51BC2FF0E00195777 /* ChampSelect */;
			targetProxy = D0C0FFDB1BC2FF0E00195777 /* PBXContainerItemProxy */;
		};
		D0C0FFE71BC2FF0E00195777 /* PBXTargetDependency */ = {
			isa = PBXTargetDependency;
			target = D0C0FFC51BC2FF0E00195777 /* ChampSelect */;
			targetProxy = D0C0FFE61BC2FF0E00195777 /* PBXContainerItemProxy */;
		};
		D0F27B031BC300710037783D /* PBXTargetDependency */ = {
			isa = PBXTargetDependency;
			name = "Alamofire iOS";
			targetProxy = D0F27B021BC300710037783D /* PBXContainerItemProxy */;
		};
/* End PBXTargetDependency section */

/* Begin PBXVariantGroup section */
		D0C0FFD21BC2FF0E00195777 /* LaunchScreen.storyboard */ = {
			isa = PBXVariantGroup;
			children = (
				D0C0FFD31BC2FF0E00195777 /* Base */,
			);
			name = LaunchScreen.storyboard;
			sourceTree = "<group>";
		};
/* End PBXVariantGroup section */

/* Begin XCBuildConfiguration section */
		D0C0FFEC1BC2FF0E00195777 /* Debug */ = {
			isa = XCBuildConfiguration;
			buildSettings = {
				ALWAYS_SEARCH_USER_PATHS = NO;
				CLANG_CXX_LANGUAGE_STANDARD = "gnu++0x";
				CLANG_CXX_LIBRARY = "libc++";
				CLANG_ENABLE_MODULES = YES;
				CLANG_ENABLE_OBJC_ARC = YES;
				CLANG_WARN_BOOL_CONVERSION = YES;
				CLANG_WARN_CONSTANT_CONVERSION = YES;
				CLANG_WARN_DIRECT_OBJC_ISA_USAGE = YES_ERROR;
				CLANG_WARN_EMPTY_BODY = YES;
				CLANG_WARN_ENUM_CONVERSION = YES;
				CLANG_WARN_INT_CONVERSION = YES;
				CLANG_WARN_OBJC_ROOT_CLASS = YES_ERROR;
				CLANG_WARN_UNREACHABLE_CODE = YES;
				CLANG_WARN__DUPLICATE_METHOD_MATCH = YES;
				"CODE_SIGN_IDENTITY[sdk=iphoneos*]" = "iPhone Developer";
				COPY_PHASE_STRIP = NO;
				DEBUG_INFORMATION_FORMAT = dwarf;
				ENABLE_STRICT_OBJC_MSGSEND = YES;
				ENABLE_TESTABILITY = YES;
				GCC_C_LANGUAGE_STANDARD = gnu99;
				GCC_DYNAMIC_NO_PIC = NO;
				GCC_NO_COMMON_BLOCKS = YES;
				GCC_OPTIMIZATION_LEVEL = 0;
				GCC_PREPROCESSOR_DEFINITIONS = (
					"DEBUG=1",
					"$(inherited)",
				);
				GCC_WARN_64_TO_32_BIT_CONVERSION = YES;
				GCC_WARN_ABOUT_RETURN_TYPE = YES_ERROR;
				GCC_WARN_UNDECLARED_SELECTOR = YES;
				GCC_WARN_UNINITIALIZED_AUTOS = YES_AGGRESSIVE;
				GCC_WARN_UNUSED_FUNCTION = YES;
				GCC_WARN_UNUSED_VARIABLE = YES;
				IPHONEOS_DEPLOYMENT_TARGET = 9.0;
				MTL_ENABLE_DEBUG_INFO = YES;
				ONLY_ACTIVE_ARCH = YES;
				SDKROOT = iphoneos;
				SWIFT_OPTIMIZATION_LEVEL = "-Onone";
				TARGETED_DEVICE_FAMILY = "1,2";
			};
			name = Debug;
		};
		D0C0FFED1BC2FF0E00195777 /* Release */ = {
			isa = XCBuildConfiguration;
			buildSettings = {
				ALWAYS_SEARCH_USER_PATHS = NO;
				CLANG_CXX_LANGUAGE_STANDARD = "gnu++0x";
				CLANG_CXX_LIBRARY = "libc++";
				CLANG_ENABLE_MODULES = YES;
				CLANG_ENABLE_OBJC_ARC = YES;
				CLANG_WARN_BOOL_CONVERSION = YES;
				CLANG_WARN_CONSTANT_CONVERSION = YES;
				CLANG_WARN_DIRECT_OBJC_ISA_USAGE = YES_ERROR;
				CLANG_WARN_EMPTY_BODY = YES;
				CLANG_WARN_ENUM_CONVERSION = YES;
				CLANG_WARN_INT_CONVERSION = YES;
				CLANG_WARN_OBJC_ROOT_CLASS = YES_ERROR;
				CLANG_WARN_UNREACHABLE_CODE = YES;
				CLANG_WARN__DUPLICATE_METHOD_MATCH = YES;
				"CODE_SIGN_IDENTITY[sdk=iphoneos*]" = "iPhone Developer";
				COPY_PHASE_STRIP = NO;
				DEBUG_INFORMATION_FORMAT = "dwarf-with-dsym";
				ENABLE_NS_ASSERTIONS = NO;
				ENABLE_STRICT_OBJC_MSGSEND = YES;
				GCC_C_LANGUAGE_STANDARD = gnu99;
				GCC_NO_COMMON_BLOCKS = YES;
				GCC_WARN_64_TO_32_BIT_CONVERSION = YES;
				GCC_WARN_ABOUT_RETURN_TYPE = YES_ERROR;
				GCC_WARN_UNDECLARED_SELECTOR = YES;
				GCC_WARN_UNINITIALIZED_AUTOS = YES_AGGRESSIVE;
				GCC_WARN_UNUSED_FUNCTION = YES;
				GCC_WARN_UNUSED_VARIABLE = YES;
				IPHONEOS_DEPLOYMENT_TARGET = 9.0;
				MTL_ENABLE_DEBUG_INFO = NO;
				SDKROOT = iphoneos;
				TARGETED_DEVICE_FAMILY = "1,2";
				VALIDATE_PRODUCT = YES;
			};
			name = Release;
		};
		D0C0FFEF1BC2FF0E00195777 /* Debug */ = {
			isa = XCBuildConfiguration;
			buildSettings = {
				ASSETCATALOG_COMPILER_APPICON_NAME = AppIcon;
				EMBEDDED_CONTENT_CONTAINS_SWIFT = YES;
				INFOPLIST_FILE = ChampSelect/Info.plist;
				LD_RUNPATH_SEARCH_PATHS = "$(inherited) @executable_path/Frameworks";
				PRODUCT_BUNDLE_IDENTIFIER = com.peter.buerer.ChampSelect;
				PRODUCT_NAME = "$(TARGET_NAME)";
				SWIFT_OBJC_BRIDGING_HEADER = "ChampSelect/ChampSelect-Bridging-Header.h";
			};
			name = Debug;
		};
		D0C0FFF01BC2FF0E00195777 /* Release */ = {
			isa = XCBuildConfiguration;
			buildSettings = {
				ASSETCATALOG_COMPILER_APPICON_NAME = AppIcon;
				EMBEDDED_CONTENT_CONTAINS_SWIFT = YES;
				INFOPLIST_FILE = ChampSelect/Info.plist;
				LD_RUNPATH_SEARCH_PATHS = "$(inherited) @executable_path/Frameworks";
				PRODUCT_BUNDLE_IDENTIFIER = com.peter.buerer.ChampSelect;
				PRODUCT_NAME = "$(TARGET_NAME)";
				SWIFT_OBJC_BRIDGING_HEADER = "ChampSelect/ChampSelect-Bridging-Header.h";
			};
			name = Release;
		};
		D0C0FFF21BC2FF0E00195777 /* Debug */ = {
			isa = XCBuildConfiguration;
			buildSettings = {
				BUNDLE_LOADER = "$(TEST_HOST)";
				INFOPLIST_FILE = ChampSelectTests/Info.plist;
				LD_RUNPATH_SEARCH_PATHS = "$(inherited) @executable_path/Frameworks @loader_path/Frameworks";
				PRODUCT_BUNDLE_IDENTIFIER = com.peter.buerer.ChampSelectTests;
				PRODUCT_NAME = "$(TARGET_NAME)";
				TEST_HOST = "$(BUILT_PRODUCTS_DIR)/ChampSelect.app/ChampSelect";
			};
			name = Debug;
		};
		D0C0FFF31BC2FF0E00195777 /* Release */ = {
			isa = XCBuildConfiguration;
			buildSettings = {
				BUNDLE_LOADER = "$(TEST_HOST)";
				INFOPLIST_FILE = ChampSelectTests/Info.plist;
				LD_RUNPATH_SEARCH_PATHS = "$(inherited) @executable_path/Frameworks @loader_path/Frameworks";
				PRODUCT_BUNDLE_IDENTIFIER = com.peter.buerer.ChampSelectTests;
				PRODUCT_NAME = "$(TARGET_NAME)";
				TEST_HOST = "$(BUILT_PRODUCTS_DIR)/ChampSelect.app/ChampSelect";
			};
			name = Release;
		};
		D0C0FFF51BC2FF0E00195777 /* Debug */ = {
			isa = XCBuildConfiguration;
			buildSettings = {
				INFOPLIST_FILE = ChampSelectUITests/Info.plist;
				LD_RUNPATH_SEARCH_PATHS = "$(inherited) @executable_path/Frameworks @loader_path/Frameworks";
				PRODUCT_BUNDLE_IDENTIFIER = com.peter.buerer.ChampSelectUITests;
				PRODUCT_NAME = "$(TARGET_NAME)";
				TEST_TARGET_NAME = ChampSelect;
				USES_XCTRUNNER = YES;
			};
			name = Debug;
		};
		D0C0FFF61BC2FF0E00195777 /* Release */ = {
			isa = XCBuildConfiguration;
			buildSettings = {
				INFOPLIST_FILE = ChampSelectUITests/Info.plist;
				LD_RUNPATH_SEARCH_PATHS = "$(inherited) @executable_path/Frameworks @loader_path/Frameworks";
				PRODUCT_BUNDLE_IDENTIFIER = com.peter.buerer.ChampSelectUITests;
				PRODUCT_NAME = "$(TARGET_NAME)";
				TEST_TARGET_NAME = ChampSelect;
				USES_XCTRUNNER = YES;
			};
			name = Release;
		};
/* End XCBuildConfiguration section */

/* Begin XCConfigurationList section */
		D0C0FFC11BC2FF0E00195777 /* Build configuration list for PBXProject "ChampSelect" */ = {
			isa = XCConfigurationList;
			buildConfigurations = (
				D0C0FFEC1BC2FF0E00195777 /* Debug */,
				D0C0FFED1BC2FF0E00195777 /* Release */,
			);
			defaultConfigurationIsVisible = 0;
			defaultConfigurationName = Release;
		};
		D0C0FFEE1BC2FF0E00195777 /* Build configuration list for PBXNativeTarget "ChampSelect" */ = {
			isa = XCConfigurationList;
			buildConfigurations = (
				D0C0FFEF1BC2FF0E00195777 /* Debug */,
				D0C0FFF01BC2FF0E00195777 /* Release */,
			);
			defaultConfigurationIsVisible = 0;
			defaultConfigurationName = Release;
		};
		D0C0FFF11BC2FF0E00195777 /* Build configuration list for PBXNativeTarget "ChampSelectTests" */ = {
			isa = XCConfigurationList;
			buildConfigurations = (
				D0C0FFF21BC2FF0E00195777 /* Debug */,
				D0C0FFF31BC2FF0E00195777 /* Release */,
			);
			defaultConfigurationIsVisible = 0;
			defaultConfigurationName = Release;
		};
		D0C0FFF41BC2FF0E00195777 /* Build configuration list for PBXNativeTarget "ChampSelectUITests" */ = {
			isa = XCConfigurationList;
			buildConfigurations = (
				D0C0FFF51BC2FF0E00195777 /* Debug */,
				D0C0FFF61BC2FF0E00195777 /* Release */,
			);
			defaultConfigurationIsVisible = 0;
			defaultConfigurationName = Release;
		};
/* End XCConfigurationList section */
	};
	rootObject = D0C0FFBE1BC2FF0E00195777 /* Project object */;
}
